
Microsoft Visual Studio Solution File, Format Version 12.00
# Visual Studio 14
VisualStudioVersion = 14.0.25420.1
MinimumVisualStudioVersion = 10.0.40219.1
Project("{FAE04EC0-301F-11D3-BF4B-00C04F79EFBC}") = "ElevatorKata", "ElevatorKata\ElevatorKata.csproj", "{637F2683-9473-4059-8BA5-2F214253D7B4}"
EndProject
Project("{FAE04EC0-301F-11D3-BF4B-00C04F79EFBC}") = "ElevatorKataTests", "ElevatorKataTests\ElevatorKataTests.csproj", "{8BE287BF-BB02-4EED-8952-F00415E6B9A0}"
EndProject
Global
	GlobalSection(SolutionConfigurationPlatforms) = preSolution
		Debug|Any CPU = Debug|Any CPU
		Release|Any CPU = Release|Any CPU
	EndGlobalSection
	GlobalSection(ProjectConfigurationPlatforms) = postSolution
		{637F2683-9473-4059-8BA5-2F214253D7B4}.Debug|Any CPU.ActiveCfg = Debug|Any CPU
		{637F2683-9473-4059-8BA5-2F214253D7B4}.Debug|Any CPU.Build.0 = Debug|Any CPU
		{637F2683-9473-4059-8BA5-2F214253D7B4}.Release|Any CPU.ActiveCfg = Release|Any CPU
		{637F2683-9473-4059-8BA5-2F214253D7B4}.Release|Any CPU.Build.0 = Release|Any CPU
		{8BE287BF-BB02-4EED-8952-F00415E6B9A0}.Debug|Any CPU.ActiveCfg = Debug|Any CPU
		{8BE287BF-BB02-4EED-8952-F00415E6B9A0}.Debug|Any CPU.Build.0 = Debug|Any CPU
		{8BE287BF-BB02-4EED-8952-F00415E6B9A0}.Release|Any CPU.ActiveCfg = Release|Any CPU
		{8BE287BF-BB02-4EED-8952-F00415E6B9A0}.Release|Any CPU.Build.0 = Release|Any CPU
	EndGlobalSection
	GlobalSection(SolutionProperties) = preSolution
		HideSolutionNode = FALSE
	EndGlobalSection
EndGlobal
